{
  "originHash" : "59ca63d3a34b2a5266095f2c9980959fe4418dc5d0e1685e30585d92afa3c7e9",
  "pins" : [
    {
      "identity" : "nettoys",
      "kind" : "remoteSourceControl",
      "location" : "https://github.com/surajmandalcell/nettoys.git",
      "state" : {
        "revision" : "746abf9144bf66f137a1ac57c89ea4c37b7875ae",
        "version" : "1.0.2"
      }
    },
    {
      "identity" : "oneplus-ui",
      "kind" : "remoteSourceControl",
      "location" : "https://github.com/surajmandalcell/oneplus-ui.git",
      "state" : {
        "revision" : "10b09f536f35054be2b6bf530098a00588cabca5",
        "version" : "1.0.1"
      }
    },
    {
      "identity" : "swift-asn1",
      "kind" : "remoteSourceControl",
      "location" : "https://github.com/apple/swift-asn1.git",
      "state" : {
        "revision" : "3b6410f7dee09eb33cdd26260c5fd47fda19b0e2",
        "version" : "1.7.3"
      }
    },
    {
      "identity" : "swift-crypto",
      "kind" : "remoteSourceControl",
      "location" : "https://github.com/apple/swift-crypto.git",
      "state" : {
        "revision" : "95ba0316a9b733e92bb6b071255ff46263bbe7dc",
        "version" : "3.15.1"
      }
    },
    {
      "identity" : "switch",
      "kind" : "remoteSourceControl",
      "location" : "https://github.com/surajmandalcell/switch.git",
      "state" : {
        "revision" : "a8c398d8a41ec70a33ef60a8b5d5707015ada056",
        "version" : "3.3.0"
      }
    }
  ],
  "version" : 3
}
