{
  "originHash" : "59ca63d3a34b2a5266095f2c9980959fe4418dc5d0e1685e30585d92afa3c7e9",
  "pins" : [
    {
      "identity" : "nettoys",
      "kind" : "remoteSourceControl",
      "location" : "https://github.com/surajmandalcell/nettoys.git",
      "state" : {
        "revision" : "fc72c42eeb49f79a1abc8ed4901deeba8f8e2b8b",
        "version" : "1.0.11"
      }
    },
    {
      "identity" : "oneplus-ui",
      "kind" : "remoteSourceControl",
      "location" : "https://github.com/surajmandalcell/oneplus-ui.git",
      "state" : {
        "revision" : "e6a1843f138e0373c12d8ea55991dcaf10adc519",
        "version" : "1.0.3"
      }
    }
  ],
  "version" : 3
}
