{
  "originHash" : "59ca63d3a34b2a5266095f2c9980959fe4418dc5d0e1685e30585d92afa3c7e9",
  "pins" : [
    {
      "identity" : "nettoys",
      "kind" : "remoteSourceControl",
      "location" : "https://github.com/surajmandalcell/nettoys.git",
      "state" : {
        "revision" : "d5e04bb5def034f65f249108e5b16c8cc3be3cb5",
        "version" : "1.0.10"
      }
    },
    {
      "identity" : "oneplus-ui",
      "kind" : "remoteSourceControl",
      "location" : "https://github.com/surajmandalcell/oneplus-ui.git",
      "state" : {
        "revision" : "0516519beae49c7c288dfc4f32a931699ce430a3",
        "version" : "1.0.2"
      }
    }
  ],
  "version" : 3
}
