// !$*UTF8*$!
{
	archiveVersion = 1;
	classes = {
	};
	objectVersion = 77;
	objects = {

/* Begin PBXContainerItemProxy section */
		1BDFA95C2F08A44C009A9009 /* PBXContainerItemProxy */ = {
			isa = PBXContainerItemProxy;
			containerPortal = 1BDFA9462F08A44C009A9009 /* Project object */;
			proxyType = 1;
			remoteGlobalIDString = 1BDFA94D2F08A44C009A9009;
			remoteInfo = powertoys;
		};
		1BDFA9662F08A44C009A9009 /* PBXContainerItemProxy */ = {
			isa = PBXContainerItemProxy;
			containerPortal = 1BDFA9462F08A44C009A9009 /* Project object */;
			proxyType = 1;
			remoteGlobalIDString = 1BDFA94D2F08A44C009A9009;
			remoteInfo = powertoys;
		};
/* End PBXContainerItemProxy section */

/* Begin PBXFileReference section */
		1BDFA94E2F08A44C009A9009 /* powertoys.app */ = {isa = PBXFileReference; explicitFileType = wrapper.application; includeInIndex = 0; path = powertoys.app; sourceTree = BUILT_PRODUCTS_DIR; };
		1BDFA95B2F08A44C009A9009 /* powertoysTests.xctest */ = {isa = PBXFileReference; explicitFileType = wrapper.cfbundle; includeInIndex = 0; path = powertoysTests.xctest; sourceTree = BUILT_PRODUCTS_DIR; };
		1BDFA9652F08A44C009A9009 /* powertoysUITests.xctest */ = {isa = PBXFileReference; explicitFileType = wrapper.cfbundle; includeInIndex = 0; path = powertoysUITests.xctest; sourceTree = BUILT_PRODUCTS_DIR; };
/* End PBXFileReference section */

/* Begin PBXFileSystemSynchronizedBuildFileExceptionSet section */
		1BAA00012F0AAAAA009A9009 /* Exceptions for "powertoys" folder in "powertoys" target */ = {
			isa = PBXFileSystemSynchronizedBuildFileExceptionSet;
			membershipExceptions = (
				Info.plist,
			);
			target = 1BDFA94D2F08A44C009A9009 /* powertoys */;
		};
/* End PBXFileSystemSynchronizedBuildFileExceptionSet section */

/* Begin PBXFileSystemSynchronizedRootGroup section */
		1BDFA9502F08A44C009A9009 /* powertoys */ = {
			isa = PBXFileSystemSynchronizedRootGroup;
			exceptions = (
				1BAA00012F0AAAAA009A9009 /* Exceptions for "powertoys" folder in "powertoys" target */,
			);
			path = powertoys;
			sourceTree = "<group>";
		};
		1BDFA95E2F08A44C009A9009 /* powertoysTests */ = {
			isa = PBXFileSystemSynchronizedRootGroup;
			path = powertoysTests;
			sourceTree = "<group>";
		};
		1BDFA9682F08A44C009A9009 /* powertoysUITests */ = {
			isa = PBXFileSystemSynchronizedRootGroup;
			path = powertoysUITests;
			sourceTree = "<group>";
		};
/* End PBXFileSystemSynchronizedRootGroup section */

/* Begin PBXFrameworksBuildPhase section */
		1BDFA94B2F08A44C009A9009 /* Frameworks */ = {
			isa = PBXFrameworksBuildPhase;
			buildActionMask = 2147483647;
			files = (
			);
			runOnlyForDeploymentPostprocessing = 0;
		};
		1BDFA9582F08A44C009A9009 /* Frameworks */ = {
			isa = PBXFrameworksBuildPhase;
			buildActionMask = 2147483647;
			files = (
			);
			runOnlyForDeploymentPostprocessing = 0;
		};
		1BDFA9622F08A44C009A9009 /* Frameworks */ = {
			isa = PBXFrameworksBuildPhase;
			buildActionMask = 2147483647;
			files = (
			);
			runOnlyForDeploymentPostprocessing = 0;
		};
/* End PBXFrameworksBuildPhase section */

/* Begin PBXGroup section */
		1B05623F2F0C8D45006ED092 /* docs */ = {
			isa = PBXGroup;
			children = (
			);
			path = docs;
			sourceTree = "<group>";
		};
		1BDFA9452F08A44C009A9009 = {
			isa = PBXGroup;
			children = (
				1BDFA9502F08A44C009A9009 /* powertoys */,
				1BDFA95E2F08A44C009A9009 /* powertoysTests */,
				1BDFA9682F08A44C009A9009 /* powertoysUITests */,
				1BDFA94F2F08A44C009A9009 /* Products */,
				1B05623F2F0C8D45006ED092 /* docs */,
			);
			sourceTree = "<group>";
		};
		1BDFA94F2F08A44C009A9009 /* Products */ = {
			isa = PBXGroup;
			children = (
				1BDFA94E2F08A44C009A9009 /* powertoys.app */,
				1BDFA95B2F08A44C009A9009 /* powertoysTests.xctest */,
				1BDFA9652F08A44C009A9009 /* powertoysUITests.xctest */,
			);
			name = Products;
			sourceTree = "<group>";
		};
/* End PBXGroup section */

/* Begin PBXNativeTarget section */
		1BDFA94D2F08A44C009A9009 /* powertoys */ = {
			isa = PBXNativeTarget;
			buildConfigurationList = 1BDFA96F2F08A44C009A9009 /* Build configuration list for PBXNativeTarget "powertoys" */;
			buildPhases = (
				1BDFA94A2F08A44C009A9009 /* Sources */,
				1BDFA94B2F08A44C009A9009 /* Frameworks */,
				1BDFA94C2F08A44C009A9009 /* Resources */,
			);
			buildRules = (
			);
			dependencies = (
			);
			fileSystemSynchronizedGroups = (
				1BDFA9502F08A44C009A9009 /* powertoys */,
			);
			name = powertoys;
			packageProductDependencies = (
			);
			productName = powertoys;
			productReference = 1BDFA94E2F08A44C009A9009 /* powertoys.app */;
			productType = "com.apple.product-type.application";
		};
		1BDFA95A2F08A44C009A9009 /* powertoysTests */ = {
			isa = PBXNativeTarget;
			buildConfigurationList = 1BDFA9722F08A44C009A9009 /* Build configuration list for PBXNativeTarget "powertoysTests" */;
			buildPhases = (
				1BDFA9572F08A44C009A9009 /* Sources */,
				1BDFA9582F08A44C009A9009 /* Frameworks */,
				1BDFA9592F08A44C009A9009 /* Resources */,
			);
			buildRules = (
			);
			dependencies = (
				1BDFA95D2F08A44C009A9009 /* PBXTargetDependency */,
			);
			fileSystemSynchronizedGroups = (
				1BDFA95E2F08A44C009A9009 /* powertoysTests */,
			);
			name = powertoysTests;
			packageProductDependencies = (
			);
			productName = powertoysTests;
			productReference = 1BDFA95B2F08A44C009A9009 /* powertoysTests.xctest */;
			productType = "com.apple.product-type.bundle.unit-test";
		};
		1BDFA9642F08A44C009A9009 /* powertoysUITests */ = {
			isa = PBXNativeTarget;
			buildConfigurationList = 1BDFA9752F08A44C009A9009 /* Build configuration list for PBXNativeTarget "powertoysUITests" */;
			buildPhases = (
				1BDFA9612F08A44C009A9009 /* Sources */,
				1BDFA9622F08A44C009A9009 /* Frameworks */,
				1BDFA9632F08A44C009A9009 /* Resources */,
			);
			buildRules = (
			);
			dependencies = (
				1BDFA9672F08A44C009A9009 /* PBXTargetDependency */,
			);
			fileSystemSynchronizedGroups = (
				1BDFA9682F08A44C009A9009 /* powertoysUITests */,
			);
			name = powertoysUITests;
			packageProductDependencies = (
			);
			productName = powertoysUITests;
			productReference = 1BDFA9652F08A44C009A9009 /* powertoysUITests.xctest */;
			productType = "com.apple.product-type.bundle.ui-testing";
		};
/* End PBXNativeTarget section */

/* Begin PBXProject section */
		1BDFA9462F08A44C009A9009 /* Project object */ = {
			isa = PBXProject;
			attributes = {
				BuildIndependentTargetsInParallel = 1;
				LastSwiftUpdateCheck = 2620;
				LastUpgradeCheck = 2620;
				TargetAttributes = {
					1BDFA94D2F08A44C009A9009 = {
						CreatedOnToolsVersion = 26.2;
					};
					1BDFA95A2F08A44C009A9009 = {
						CreatedOnToolsVersion = 26.2;
						TestTargetID = 1BDFA94D2F08A44C009A9009;
					};
					1BDFA9642F08A44C009A9009 = {
						CreatedOnToolsVersion = 26.2;
						TestTargetID = 1BDFA94D2F08A44C009A9009;
					};
				};
			};
			buildConfigurationList = 1BDFA9492F08A44C009A9009 /* Build configuration list for PBXProject "powertoys" */;
			developmentRegion = en;
			hasScannedForEncodings = 0;
			knownRegions = (
				en,
				Base,
			);
			mainGroup = 1BDFA9452F08A44C009A9009;
			minimizedProjectReferenceProxies = 1;
			preferredProjectObjectVersion = 77;
			productRefGroup = 1BDFA94F2F08A44C009A9009 /* Products */;
			projectDirPath = "";
			projectRoot = "";
			targets = (
				1BDFA94D2F08A44C009A9009 /* powertoys */,
				1BDFA95A2F08A44C009A9009 /* powertoysTests */,
				1BDFA9642F08A44C009A9009 /* powertoysUITests */,
			);
		};
/* End PBXProject section */

/* Begin PBXResourcesBuildPhase section */
		1BDFA94C2F08A44C009A9009 /* Resources */ = {
			isa = PBXResourcesBuildPhase;
			buildActionMask = 2147483647;
			files = (
			);
			runOnlyForDeploymentPostprocessing = 0;
		};
		1BDFA9592F08A44C009A9009 /* Resources */ = {
			isa = PBXResourcesBuildPhase;
			buildActionMask = 2147483647;
			files = (
			);
			runOnlyForDeploymentPostprocessing = 0;
		};
		1BDFA9632F08A44C009A9009 /* Resources */ = {
			isa = PBXResourcesBuildPhase;
			buildActionMask = 2147483647;
			files = (
			);
			runOnlyForDeploymentPostprocessing = 0;
		};
/* End PBXResourcesBuildPhase section */

/* Begin PBXSourcesBuildPhase section */
		1BDFA94A2F08A44C009A9009 /* Sources */ = {
			isa = PBXSourcesBuildPhase;
			buildActionMask = 2147483647;
			files = (
			);
			runOnlyForDeploymentPostprocessing = 0;
		};
		1BDFA9572F08A44C009A9009 /* Sources */ = {
			isa = PBXSourcesBuildPhase;
			buildActionMask = 2147483647;
			files = (
			);
			runOnlyForDeploymentPostprocessing = 0;
		};
		1BDFA9612F08A44C009A9009 /* Sources */ = {
			isa = PBXSourcesBuildPhase;
			buildActionMask = 2147483647;
			files = (
			);
			runOnlyForDeploymentPostprocessing = 0;
		};
/* End PBXSourcesBuildPhase section */

/* Begin PBXTargetDependency section */
		1BDFA95D2F08A44C009A9009 /* PBXTargetDependency */ = {
			isa = PBXTargetDependency;
			target = 1BDFA94D2F08A44C009A9009 /* powertoys */;
			targetProxy = 1BDFA95C2F08A44C009A9009 /* PBXContainerItemProxy */;
		};
		1BDFA9672F08A44C009A9009 /* PBXTargetDependency */ = {
			isa = PBXTargetDependency;
			target = 1BDFA94D2F08A44C009A9009 /* powertoys */;
			targetProxy = 1BDFA9662F08A44C009A9009 /* PBXContainerItemProxy */;
		};
/* End PBXTargetDependency section */

/* Begin XCBuildConfiguration section */
		1BDFA96D2F08A44C009A9009 /* Debug */ = {
			isa = XCBuildConfiguration;
			buildSettings = {
				ALWAYS_SEARCH_USER_PATHS = NO;
				ASSETCATALOG_COMPILER_GENERATE_SWIFT_ASSET_SYMBOL_EXTENSIONS = YES;
				CLANG_ANALYZER_NONNULL = YES;
				CLANG_ANALYZER_NUMBER_OBJECT_CONVERSION = YES_AGGRESSIVE;
				CLANG_CXX_LANGUAGE_STANDARD = "gnu++20";
				CLANG_ENABLE_MODULES = YES;
				CLANG_ENABLE_OBJC_ARC = YES;
				CLANG_ENABLE_OBJC_WEAK = YES;
				CLANG_WARN_BLOCK_CAPTURE_AUTORELEASING = YES;
				CLANG_WARN_BOOL_CONVERSION = YES;
				CLANG_WARN_COMMA = YES;
				CLANG_WARN_CONSTANT_CONVERSION = YES;
				CLANG_WARN_DEPRECATED_OBJC_IMPLEMENTATIONS = YES;
				CLANG_WARN_DIRECT_OBJC_ISA_USAGE = YES_ERROR;
				CLANG_WARN_DOCUMENTATION_COMMENTS = YES;
				CLANG_WARN_EMPTY_BODY = YES;
				CLANG_WARN_ENUM_CONVERSION = YES;
				CLANG_WARN_INFINITE_RECURSION = YES;
				CLANG_WARN_INT_CONVERSION = YES;
				CLANG_WARN_NON_LITERAL_NULL_CONVERSION = YES;
				CLANG_WARN_OBJC_IMPLICIT_RETAIN_SELF = YES;
				CLANG_WARN_OBJC_LITERAL_CONVERSION = YES;
				CLANG_WARN_OBJC_ROOT_CLASS = YES_ERROR;
				CLANG_WARN_QUOTED_INCLUDE_IN_FRAMEWORK_HEADER = YES;
				CLANG_WARN_RANGE_LOOP_ANALYSIS = YES;
				CLANG_WARN_STRICT_PROTOTYPES = YES;
				CLANG_WARN_SUSPICIOUS_MOVE = YES;
				CLANG_WARN_UNGUARDED_AVAILABILITY = YES_AGGRESSIVE;
				CLANG_WARN_UNREACHABLE_CODE = YES;
				CLANG_WARN__DUPLICATE_METHOD_MATCH = YES;
				COPY_PHASE_STRIP = NO;
				DEBUG_INFORMATION_FORMAT = dwarf;
				DEVELOPMENT_TEAM = GF57JXJF5A;
				ENABLE_STRICT_OBJC_MSGSEND = YES;
				ENABLE_TESTABILITY = YES;
				ENABLE_USER_SCRIPT_SANDBOXING = YES;
				GCC_C_LANGUAGE_STANDARD = gnu17;
				GCC_DYNAMIC_NO_PIC = NO;
				GCC_NO_COMMON_BLOCKS = YES;
				GCC_OPTIMIZATION_LEVEL = 0;
				GCC_PREPROCESSOR_DEFINITIONS = (
					"DEBUG=1",
					"$(inherited)",
				);
				GCC_WARN_64_TO_32_BIT_CONVERSION = YES;
				GCC_WARN_ABOUT_RETURN_TYPE = YES_ERROR;
				GCC_WARN_UNDECLARED_SELECTOR = YES;
				GCC_WARN_UNINITIALIZED_AUTOS = YES_AGGRESSIVE;
				GCC_WARN_UNUSED_FUNCTION = YES;
				GCC_WARN_UNUSED_VARIABLE = YES;
				LOCALIZATION_PREFERS_STRING_CATALOGS = YES;
				MACOSX_DEPLOYMENT_TARGET = 26.2;
				MTL_ENABLE_DEBUG_INFO = INCLUDE_SOURCE;
				MTL_FAST_MATH = YES;
				ONLY_ACTIVE_ARCH = YES;
				SDKROOT = macosx;
				SWIFT_ACTIVE_COMPILATION_CONDITIONS = "DEBUG $(inherited)";
				SWIFT_OPTIMIZATION_LEVEL = "-Onone";
			};
			name = Debug;
		};
		1BDFA96E2F08A44C009A9009 /* Release */ = {
			isa = XCBuildConfiguration;
			buildSettings = {
				ALWAYS_SEARCH_USER_PATHS = NO;
				ASSETCATALOG_COMPILER_GENERATE_SWIFT_ASSET_SYMBOL_EXTENSIONS = YES;
				CLANG_ANALYZER_NONNULL = YES;
				CLANG_ANALYZER_NUMBER_OBJECT_CONVERSION = YES_AGGRESSIVE;
				CLANG_CXX_LANGUAGE_STANDARD = "gnu++20";
				CLANG_ENABLE_MODULES = YES;
				CLANG_ENABLE_OBJC_ARC = YES;
				CLANG_ENABLE_OBJC_WEAK = YES;
				CLANG_WARN_BLOCK_CAPTURE_AUTORELEASING = YES;
				CLANG_WARN_BOOL_CONVERSION = YES;
				CLANG_WARN_COMMA = YES;
				CLANG_WARN_CONSTANT_CONVERSION = YES;
				CLANG_WARN_DEPRECATED_OBJC_IMPLEMENTATIONS = YES;
				CLANG_WARN_DIRECT_OBJC_ISA_USAGE = YES_ERROR;
				CLANG_WARN_DOCUMENTATION_COMMENTS = YES;
				CLANG_WARN_EMPTY_BODY = YES;
				CLANG_WARN_ENUM_CONVERSION = YES;
				CLANG_WARN_INFINITE_RECURSION = YES;
				CLANG_WARN_INT_CONVERSION = YES;
				CLANG_WARN_NON_LITERAL_NULL_CONVERSION = YES;
				CLANG_WARN_OBJC_IMPLICIT_RETAIN_SELF = YES;
				CLANG_WARN_OBJC_LITERAL_CONVERSION = YES;
				CLANG_WARN_OBJC_ROOT_CLASS = YES_ERROR;
				CLANG_WARN_QUOTED_INCLUDE_IN_FRAMEWORK_HEADER = YES;
				CLANG_WARN_RANGE_LOOP_ANALYSIS = YES;
				CLANG_WARN_STRICT_PROTOTYPES = YES;
				CLANG_WARN_SUSPICIOUS_MOVE = YES;
				CLANG_WARN_UNGUARDED_AVAILABILITY = YES_AGGRESSIVE;
				CLANG_WARN_UNREACHABLE_CODE = YES;
				CLANG_WARN__DUPLICATE_METHOD_MATCH = YES;
				COPY_PHASE_STRIP = NO;
				DEBUG_INFORMATION_FORMAT = "dwarf-with-dsym";
				DEVELOPMENT_TEAM = GF57JXJF5A;
				ENABLE_NS_ASSERTIONS = NO;
				ENABLE_STRICT_OBJC_MSGSEND = YES;
				ENABLE_USER_SCRIPT_SANDBOXING = YES;
				GCC_C_LANGUAGE_STANDARD = gnu17;
				GCC_NO_COMMON_BLOCKS = YES;
				GCC_WARN_64_TO_32_BIT_CONVERSION = YES;
				GCC_WARN_ABOUT_RETURN_TYPE = YES_ERROR;
				GCC_WARN_UNDECLARED_SELECTOR = YES;
				GCC_WARN_UNINITIALIZED_AUTOS = YES_AGGRESSIVE;
				GCC_WARN_UNUSED_FUNCTION = YES;
				GCC_WARN_UNUSED_VARIABLE = YES;
				LOCALIZATION_PREFERS_STRING_CATALOGS = YES;
				MACOSX_DEPLOYMENT_TARGET = 26.2;
				MTL_ENABLE_DEBUG_INFO = NO;
				MTL_FAST_MATH = YES;
				SDKROOT = macosx;
				SWIFT_COMPILATION_MODE = wholemodule;
			};
			name = Release;
		};
		1BDFA9702F08A44C009A9009 /* Debug */ = {
			isa = XCBuildConfiguration;
			buildSettings = {
				ASSETCATALOG_COMPILER_APPICON_NAME = AppIcon;
				ASSETCATALOG_COMPILER_GLOBAL_ACCENT_COLOR_NAME = AccentColor;
				CODE_SIGN_ENTITLEMENTS = powertoys/powertoys.entitlements;
				CODE_SIGN_STYLE = Automatic;
				COMBINE_HIDPI_IMAGES = YES;
				CURRENT_PROJECT_VERSION = 4;
				DEVELOPMENT_TEAM = GF57JXJF5A;
				ENABLE_HARDENED_RUNTIME = YES;
				ENABLE_PREVIEWS = YES;
				ENABLE_USER_SELECTED_FILES = readonly;
				GENERATE_INFOPLIST_FILE = YES;
				INFOPLIST_FILE = powertoys/Info.plist;
				INFOPLIST_KEY_CFBundleDisplayName = PowerToys;
				INFOPLIST_KEY_LSApplicationCategoryType = "public.app-category.utilities";
				INFOPLIST_KEY_NSHumanReadableCopyright = "";
				LD_RUNPATH_SEARCH_PATHS = (
					"$(inherited)",
					"@executable_path/../Frameworks",
				);
				MARKETING_VERSION = 1.2.1;
				PRODUCT_BUNDLE_IDENTIFIER = com.surajmandal.powertoys;
				PRODUCT_NAME = "$(TARGET_NAME)";
				REGISTER_APP_GROUPS = YES;
				STRING_CATALOG_GENERATE_SYMBOLS = YES;
				SWIFT_APPROACHABLE_CONCURRENCY = YES;
				SWIFT_DEFAULT_ACTOR_ISOLATION = MainActor;
				SWIFT_EMIT_LOC_STRINGS = YES;
				SWIFT_UPCOMING_FEATURE_MEMBER_IMPORT_VISIBILITY = YES;
				SWIFT_VERSION = 5.0;
			};
			name = Debug;
		};
		1BDFA9712F08A44C009A9009 /* Release */ = {
			isa = XCBuildConfiguration;
			buildSettings = {
				ASSETCATALOG_COMPILER_APPICON_NAME = AppIcon;
				ASSETCATALOG_COMPILER_GLOBAL_ACCENT_COLOR_NAME = AccentColor;
				CODE_SIGN_ENTITLEMENTS = powertoys/powertoys.entitlements;
				CODE_SIGN_STYLE = Automatic;
				COMBINE_HIDPI_IMAGES = YES;
				CURRENT_PROJECT_VERSION = 4;
				DEVELOPMENT_TEAM = GF57JXJF5A;
				ENABLE_HARDENED_RUNTIME = YES;
				ENABLE_PREVIEWS = YES;
				ENABLE_USER_SELECTED_FILES = readonly;
				GENERATE_INFOPLIST_FILE = YES;
				INFOPLIST_FILE = powertoys/Info.plist;
				INFOPLIST_KEY_CFBundleDisplayName = PowerToys;
				INFOPLIST_KEY_LSApplicationCategoryType = "public.app-category.utilities";
				INFOPLIST_KEY_NSHumanReadableCopyright = "";
				LD_RUNPATH_SEARCH_PATHS = (
					"$(inherited)",
					"@executable_path/../Frameworks",
				);
				MARKETING_VERSION = 1.2.1;
				PRODUCT_BUNDLE_IDENTIFIER = com.surajmandal.powertoys;
				PRODUCT_NAME = "$(TARGET_NAME)";
				REGISTER_APP_GROUPS = YES;
				STRING_CATALOG_GENERATE_SYMBOLS = YES;
				SWIFT_APPROACHABLE_CONCURRENCY = YES;
				SWIFT_DEFAULT_ACTOR_ISOLATION = MainActor;
				SWIFT_EMIT_LOC_STRINGS = YES;
				SWIFT_UPCOMING_FEATURE_MEMBER_IMPORT_VISIBILITY = YES;
				SWIFT_VERSION = 5.0;
			};
			name = Release;
		};
		1BDFA9732F08A44C009A9009 /* Debug */ = {
			isa = XCBuildConfiguration;
			buildSettings = {
				BUNDLE_LOADER = "$(TEST_HOST)";
				CODE_SIGN_STYLE = Automatic;
				CURRENT_PROJECT_VERSION = 4;
				DEVELOPMENT_TEAM = GF57JXJF5A;
				GENERATE_INFOPLIST_FILE = YES;
				MACOSX_DEPLOYMENT_TARGET = 26.2;
				MARKETING_VERSION = 1.2.1;
				PRODUCT_BUNDLE_IDENTIFIER = com.surajmandal.powertoysTests;
				PRODUCT_NAME = "$(TARGET_NAME)";
				STRING_CATALOG_GENERATE_SYMBOLS = NO;
				SWIFT_APPROACHABLE_CONCURRENCY = YES;
				SWIFT_EMIT_LOC_STRINGS = NO;
				SWIFT_UPCOMING_FEATURE_MEMBER_IMPORT_VISIBILITY = YES;
				SWIFT_VERSION = 5.0;
				TEST_HOST = "$(BUILT_PRODUCTS_DIR)/powertoys.app/$(BUNDLE_EXECUTABLE_FOLDER_PATH)/powertoys";
			};
			name = Debug;
		};
		1BDFA9742F08A44C009A9009 /* Release */ = {
			isa = XCBuildConfiguration;
			buildSettings = {
				BUNDLE_LOADER = "$(TEST_HOST)";
				CODE_SIGN_STYLE = Automatic;
				CURRENT_PROJECT_VERSION = 4;
				DEVELOPMENT_TEAM = GF57JXJF5A;
				GENERATE_INFOPLIST_FILE = YES;
				MACOSX_DEPLOYMENT_TARGET = 26.2;
				MARKETING_VERSION = 1.2.1;
				PRODUCT_BUNDLE_IDENTIFIER = com.surajmandal.powertoysTests;
				PRODUCT_NAME = "$(TARGET_NAME)";
				STRING_CATALOG_GENERATE_SYMBOLS = NO;
				SWIFT_APPROACHABLE_CONCURRENCY = YES;
				SWIFT_EMIT_LOC_STRINGS = NO;
				SWIFT_UPCOMING_FEATURE_MEMBER_IMPORT_VISIBILITY = YES;
				SWIFT_VERSION = 5.0;
				TEST_HOST = "$(BUILT_PRODUCTS_DIR)/powertoys.app/$(BUNDLE_EXECUTABLE_FOLDER_PATH)/powertoys";
			};
			name = Release;
		};
		1BDFA9762F08A44C009A9009 /* Debug */ = {
			isa = XCBuildConfiguration;
			buildSettings = {
				CODE_SIGN_STYLE = Automatic;
				CURRENT_PROJECT_VERSION = 4;
				DEVELOPMENT_TEAM = GF57JXJF5A;
				GENERATE_INFOPLIST_FILE = YES;
				MARKETING_VERSION = 1.2.1;
				PRODUCT_BUNDLE_IDENTIFIER = com.surajmandal.powertoysUITests;
				PRODUCT_NAME = "$(TARGET_NAME)";
				STRING_CATALOG_GENERATE_SYMBOLS = NO;
				SWIFT_APPROACHABLE_CONCURRENCY = YES;
				SWIFT_EMIT_LOC_STRINGS = NO;
				SWIFT_UPCOMING_FEATURE_MEMBER_IMPORT_VISIBILITY = YES;
				SWIFT_VERSION = 5.0;
				TEST_TARGET_NAME = powertoys;
			};
			name = Debug;
		};
		1BDFA9772F08A44C009A9009 /* Release */ = {
			isa = XCBuildConfiguration;
			buildSettings = {
				CODE_SIGN_STYLE = Automatic;
				CURRENT_PROJECT_VERSION = 4;
				DEVELOPMENT_TEAM = GF57JXJF5A;
				GENERATE_INFOPLIST_FILE = YES;
				MARKETING_VERSION = 1.2.1;
				PRODUCT_BUNDLE_IDENTIFIER = com.surajmandal.powertoysUITests;
				PRODUCT_NAME = "$(TARGET_NAME)";
				STRING_CATALOG_GENERATE_SYMBOLS = NO;
				SWIFT_APPROACHABLE_CONCURRENCY = YES;
				SWIFT_EMIT_LOC_STRINGS = NO;
				SWIFT_UPCOMING_FEATURE_MEMBER_IMPORT_VISIBILITY = YES;
				SWIFT_VERSION = 5.0;
				TEST_TARGET_NAME = powertoys;
			};
			name = Release;
		};
/* End XCBuildConfiguration section */

/* Begin XCConfigurationList section */
		1BDFA9492F08A44C009A9009 /* Build configuration list for PBXProject "powertoys" */ = {
			isa = XCConfigurationList;
			buildConfigurations = (
				1BDFA96D2F08A44C009A9009 /* Debug */,
				1BDFA96E2F08A44C009A9009 /* Release */,
			);
			defaultConfigurationIsVisible = 0;
			defaultConfigurationName = Release;
		};
		1BDFA96F2F08A44C009A9009 /* Build configuration list for PBXNativeTarget "powertoys" */ = {
			isa = XCConfigurationList;
			buildConfigurations = (
				1BDFA9702F08A44C009A9009 /* Debug */,
				1BDFA9712F08A44C009A9009 /* Release */,
			);
			defaultConfigurationIsVisible = 0;
			defaultConfigurationName = Release;
		};
		1BDFA9722F08A44C009A9009 /* Build configuration list for PBXNativeTarget "powertoysTests" */ = {
			isa = XCConfigurationList;
			buildConfigurations = (
				1BDFA9732F08A44C009A9009 /* Debug */,
				1BDFA9742F08A44C009A9009 /* Release */,
			);
			defaultConfigurationIsVisible = 0;
			defaultConfigurationName = Release;
		};
		1BDFA9752F08A44C009A9009 /* Build configuration list for PBXNativeTarget "powertoysUITests" */ = {
			isa = XCConfigurationList;
			buildConfigurations = (
				1BDFA9762F08A44C009A9009 /* Debug */,
				1BDFA9772F08A44C009A9009 /* Release */,
			);
			defaultConfigurationIsVisible = 0;
			defaultConfigurationName = Release;
		};
/* End XCConfigurationList section */
	};
	rootObject = 1BDFA9462F08A44C009A9009 /* Project object */;
}
